// !$*UTF8*$!
{
	archiveVersion = 1;
	classes = {
	};
	objectVersion = 55;
	objects = {

/* Begin PBXBuildFile section */
		C85219A62768E84B00A7FBD1 /* AppDelegate.swift in Sources */ = {isa = PBXBuildFile; fileRef = C85219A52768E84B00A7FBD1 /* AppDelegate.swift */; };
		C85219A82768E84B00A7FBD1 /* SceneDelegate.swift in Sources */ = {isa = PBXBuildFile; fileRef = C85219A72768E84B00A7FBD1 /* SceneDelegate.swift */; };
		C85219AA2768E84B00A7FBD1 /* ViewController.swift in Sources */ = {isa = PBXBuildFile; fileRef = C85219A92768E84B00A7FBD1 /* ViewController.swift */; };
		C85219AD2768E84B00A7FBD1 /* Main.storyboard in Resources */ = {isa = PBXBuildFile; fileRef = C85219AB2768E84B00A7FBD1 /* Main.storyboard */; };
		C85219AF2768E84E00A7FBD1 /* Assets.xcassets in Resources */ = {isa = PBXBuildFile; fileRef = C85219AE2768E84E00A7FBD1 /* Assets.xcassets */; };
		C85219B22768E84E00A7FBD1 /* LaunchScreen.storyboard in Resources */ = {isa = PBXBuildFile; fileRef = C85219B02768E84E00A7FBD1 /* LaunchScreen.storyboard */; };
		C85219BA2768EB7100A7FBD1 /* APICaller.swift in Sources */ = {isa = PBXBuildFile; fileRef = C85219B92768EB7100A7FBD1 /* APICaller.swift */; };
		C85219BC2768F85900A7FBD1 /* CryptoTableViewCell.swift in Sources */ = {isa = PBXBuildFile; fileRef = C85219BB2768F85900A7FBD1 /* CryptoTableViewCell.swift */; };
		C85219BE2769087300A7FBD1 /* Models.swift in Sources */ = {isa = PBXBuildFile; fileRef = C85219BD2769087300A7FBD1 /* Models.swift */; };
/* End PBXBuildFile section */

/* Begin PBXFileReference section */
		C85219A22768E84B00A7FBD1 /* CryptoTrack.app */ = {isa = PBXFileReference; explicitFileType = wrapper.application; includeInIndex = 0; path = CryptoTrack.app; sourceTree = BUILT_PRODUCTS_DIR; };
		C85219A52768E84B00A7FBD1 /* AppDelegate.swift */ = {isa = PBXFileReference; lastKnownFileType = sourcecode.swift; path = AppDelegate.swift; sourceTree = "<group>"; };
		C85219A72768E84B00A7FBD1 /* SceneDelegate.swift */ = {isa = PBXFileReference; lastKnownFileType = sourcecode.swift; path = SceneDelegate.swift; sourceTree = "<group>"; };
		C85219A92768E84B00A7FBD1 /* ViewController.swift */ = {isa = PBXFileReference; lastKnownFileType = sourcecode.swift; path = ViewController.swift; sourceTree = "<group>"; };
		C85219AC2768E84B00A7FBD1 /* Base */ = {isa = PBXFileReference; lastKnownFileType = file.storyboard; name = Base; path = Base.lproj/Main.storyboard; sourceTree = "<group>"; };
		C85219AE2768E84E00A7FBD1 /* Assets.xcassets */ = {isa = PBXFileReference; lastKnownFileType = folder.assetcatalog; path = Assets.xcassets; sourceTree = "<group>"; };
		C85219B12768E84E00A7FBD1 /* Base */ = {isa = PBXFileReference; lastKnownFileType = file.storyboard; name = Base; path = Base.lproj/LaunchScreen.storyboard; sourceTree = "<group>"; };
		C85219B32768E84E00A7FBD1 /* Info.plist */ = {isa = PBXFileReference; lastKnownFileType = text.plist.xml; path = Info.plist; sourceTree = "<group>"; };
		C85219B92768EB7100A7FBD1 /* APICaller.swift */ = {isa = PBXFileReference; lastKnownFileType = sourcecode.swift; path = APICaller.swift; sourceTree = "<group>"; };
		C85219BB2768F85900A7FBD1 /* CryptoTableViewCell.swift */ = {isa = PBXFileReference; lastKnownFileType = sourcecode.swift; path = CryptoTableViewCell.swift; sourceTree = "<group>"; };
		C85219BD2769087300A7FBD1 /* Models.swift */ = {isa = PBXFileReference; lastKnownFileType = sourcecode.swift; path = Models.swift; sourceTree = "<group>"; };
/* End PBXFileReference section */

/* Begin PBXFrameworksBuildPhase section */
		C852199F2768E84B00A7FBD1 /* Frameworks */ = {
			isa = PBXFrameworksBuildPhase;
			buildActionMask = 2147483647;
			files = (
			);
			runOnlyForDeploymentPostprocessing = 0;
		};
/* End PBXFrameworksBuildPhase section */

/* Begin PBXGroup section */
		C85219992768E84B00A7FBD1 = {
			isa = PBXGroup;
			children = (
				C85219A42768E84B00A7FBD1 /* CryptoTrack */,
				C85219A32768E84B00A7FBD1 /* Products */,
			);
			sourceTree = "<group>";
		};
		C85219A32768E84B00A7FBD1 /* Products */ = {
			isa = PBXGroup;
			children = (
				C85219A22768E84B00A7FBD1 /* CryptoTrack.app */,
			);
			name = Products;
			sourceTree = "<group>";
		};
		C85219A42768E84B00A7FBD1 /* CryptoTrack */ = {
			isa = PBXGroup;
			children = (
				C85219A52768E84B00A7FBD1 /* AppDelegate.swift */,
				C85219A72768E84B00A7FBD1 /* SceneDelegate.swift */,
				C85219A92768E84B00A7FBD1 /* ViewController.swift */,
				C85219B92768EB7100A7FBD1 /* APICaller.swift */,
				C85219BB2768F85900A7FBD1 /* CryptoTableViewCell.swift */,
				C85219BD2769087300A7FBD1 /* Models.swift */,
				C85219AB2768E84B00A7FBD1 /* Main.storyboard */,
				C85219AE2768E84E00A7FBD1 /* Assets.xcassets */,
				C85219B02768E84E00A7FBD1 /* LaunchScreen.storyboard */,
				C85219B32768E84E00A7FBD1 /* Info.plist */,
			);
			path = CryptoTrack;
			sourceTree = "<group>";
		};
/* End PBXGroup section */

/* Begin PBXNativeTarget section */
		C85219A12768E84B00A7FBD1 /* CryptoTrack */ = {
			isa = PBXNativeTarget;
			buildConfigurationList = C85219B62768E84E00A7FBD1 /* Build configuration list for PBXNativeTarget "CryptoTrack" */;
			buildPhases = (
				C852199E2768E84B00A7FBD1 /* Sources */,
				C852199F2768E84B00A7FBD1 /* Frameworks */,
				C85219A02768E84B00A7FBD1 /* Resources */,
			);
			buildRules = (
			);
			dependencies = (
			);
			name = CryptoTrack;
			productName = CryptoTrack;
			productReference = C85219A22768E84B00A7FBD1 /* CryptoTrack.app */;
			productType = "com.apple.product-type.application";
		};
/* End PBXNativeTarget section */

/* Begin PBXProject section */
		C852199A2768E84B00A7FBD1 /* Project object */ = {
			isa = PBXProject;
			attributes = {
				BuildIndependentTargetsInParallel = 1;
				LastSwiftUpdateCheck = 1320;
				LastUpgradeCheck = 1320;
				TargetAttributes = {
					C85219A12768E84B00A7FBD1 = {
						CreatedOnToolsVersion = 13.2;
					};
				};
			};
			buildConfigurationList = C852199D2768E84B00A7FBD1 /* Build configuration list for PBXProject "CryptoTrack" */;
			compatibilityVersion = "Xcode 13.0";
			developmentRegion = en;
			hasScannedForEncodings = 0;
			knownRegions = (
				en,
				Base,
			);
			mainGroup = C85219992768E84B00A7FBD1;
			productRefGroup = C85219A32768E84B00A7FBD1 /* Products */;
			projectDirPath = "";
			projectRoot = "";
			targets = (
				C85219A12768E84B00A7FBD1 /* CryptoTrack */,
			);
		};
/* End PBXProject section */

/* Begin PBXResourcesBuildPhase section */
		C85219A02768E84B00A7FBD1 /* Resources */ = {
			isa = PBXResourcesBuildPhase;
			buildActionMask = 2147483647;
			files = (
				C85219B22768E84E00A7FBD1 /* LaunchScreen.storyboard in Resources */,
				C85219AF2768E84E00A7FBD1 /* Assets.xcassets in Resources */,
				C85219AD2768E84B00A7FBD1 /* Main.storyboard in Resources */,
			);
			runOnlyForDeploymentPostprocessing = 0;
		};
/* End PBXResourcesBuildPhase section */

/* Begin PBXSourcesBuildPhase section */
		C852199E2768E84B00A7FBD1 /* Sources */ = {
			isa = PBXSourcesBuildPhase;
			buildActionMask = 2147483647;
			files = (
				C85219AA2768E84B00A7FBD1 /* ViewController.swift in Sources */,
				C85219A62768E84B00A7FBD1 /* AppDelegate.swift in Sources */,
				C85219A82768E84B00A7FBD1 /* SceneDelegate.swift in Sources */,
				C85219BE2769087300A7FBD1 /* Models.swift in Sources */,
				C85219BC2768F85900A7FBD1 /* CryptoTableViewCell.swift in Sources */,
				C85219BA2768EB7100A7FBD1 /* APICaller.swift in Sources */,
			);
			runOnlyForDeploymentPostprocessing = 0;
		};
/* End PBXSourcesBuildPhase section */

/* Begin PBXVariantGroup section */
		C85219AB2768E84B00A7FBD1 /* Main.storyboard */ = {
			isa = PBXVariantGroup;
			children = (
				C85219AC2768E84B00A7FBD1 /* Base */,
			);
			name = Main.storyboard;
			sourceTree = "<group>";
		};
		C85219B02768E84E00A7FBD1 /* LaunchScreen.storyboard */ = {
			isa = PBXVariantGroup;
			children = (
				C85219B12768E84E00A7FBD1 /* Base */,
			);
			name = LaunchScreen.storyboard;
			sourceTree = "<group>";
		};
/* End PBXVariantGroup section */

/* Begin XCBuildConfiguration section */
		C85219B42768E84E00A7FBD1 /* Debug */ = {
			isa = XCBuildConfiguration;
			buildSettings = {
				ALWAYS_SEARCH_USER_PATHS = NO;
				CLANG_ANALYZER_NONNULL = YES;
				CLANG_ANALYZER_NUMBER_OBJECT_CONVERSION = YES_AGGRESSIVE;
				CLANG_CXX_LANGUAGE_STANDARD = "gnu++17";
				CLANG_CXX_LIBRARY = "libc++";
				CLANG_ENABLE_MODULES = YES;
				CLANG_ENABLE_OBJC_ARC = YES;
				CLANG_ENABLE_OBJC_WEAK = YES;
				CLANG_WARN_BLOCK_CAPTURE_AUTORELEASING = YES;
				CLANG_WARN_BOOL_CONVERSION = YES;
				CLANG_WARN_COMMA = YES;
				CLANG_WARN_CONSTANT_CONVERSION = YES;
				CLANG_WARN_DEPRECATED_OBJC_IMPLEMENTATIONS = YES;
				CLANG_WARN_DIRECT_OBJC_ISA_USAGE = YES_ERROR;
				CLANG_WARN_DOCUMENTATION_COMMENTS = YES;
				CLANG_WARN_EMPTY_BODY = YES;
				CLANG_WARN_ENUM_CONVERSION = YES;
				CLANG_WARN_INFINITE_RECURSION = YES;
				CLANG_WARN_INT_CONVERSION = YES;
				CLANG_WARN_NON_LITERAL_NULL_CONVERSION = YES;
				CLANG_WARN_OBJC_IMPLICIT_RETAIN_SELF = YES;
				CLANG_WARN_OBJC_LITERAL_CONVERSION = YES;
				CLANG_WARN_OBJC_ROOT_CLASS = YES_ERROR;
				CLANG_WARN_QUOTED_INCLUDE_IN_FRAMEWORK_HEADER = YES;
				CLANG_WARN_RANGE_LOOP_ANALYSIS = YES;
				CLANG_WARN_STRICT_PROTOTYPES = YES;
				CLANG_WARN_SUSPICIOUS_MOVE = YES;
				CLANG_WARN_UNGUARDED_AVAILABILITY = YES_AGGRESSIVE;
				CLANG_WARN_UNREACHABLE_CODE = YES;
				CLANG_WARN__DUPLICATE_METHOD_MATCH = YES;
				COPY_PHASE_STRIP = NO;
				DEBUG_INFORMATION_FORMAT = dwarf;
				ENABLE_STRICT_OBJC_MSGSEND = YES;
				ENABLE_TESTABILITY = YES;
				GCC_C_LANGUAGE_STANDARD = gnu11;
				GCC_DYNAMIC_NO_PIC = NO;
				GCC_NO_COMMON_BLOCKS = YES;
				GCC_OPTIMIZATION_LEVEL = 0;
				GCC_PREPROCESSOR_DEFINITIONS = (
					"DEBUG=1",
					"$(inherited)",
				);
				GCC_WARN_64_TO_32_BIT_CONVERSION = YES;
				GCC_WARN_ABOUT_RETURN_TYPE = YES_ERROR;
				GCC_WARN_UNDECLARED_SELECTOR = YES;
				GCC_WARN_UNINITIALIZED_AUTOS = YES_AGGRESSIVE;
				GCC_WARN_UNUSED_FUNCTION = YES;
				GCC_WARN_UNUSED_VARIABLE = YES;
				IPHONEOS_DEPLOYMENT_TARGET = 15.2;
				MTL_ENABLE_DEBUG_INFO = INCLUDE_SOURCE;
				MTL_FAST_MATH = YES;
				ONLY_ACTIVE_ARCH = YES;
				SDKROOT = iphoneos;
				SWIFT_ACTIVE_COMPILATION_CONDITIONS = DEBUG;
				SWIFT_OPTIMIZATION_LEVEL = "-Onone";
			};
			name = Debug;
		};
		C85219B52768E84E00A7FBD1 /* Release */ = {
			isa = XCBuildConfiguration;
			buildSettings = {
				ALWAYS_SEARCH_USER_PATHS = NO;
				CLANG_ANALYZER_NONNULL = YES;
				CLANG_ANALYZER_NUMBER_OBJECT_CONVERSION = YES_AGGRESSIVE;
				CLANG_CXX_LANGUAGE_STANDARD = "gnu++17";
				CLANG_CXX_LIBRARY = "libc++";
				CLANG_ENABLE_MODULES = YES;
				CLANG_ENABLE_OBJC_ARC = YES;
				CLANG_ENABLE_OBJC_WEAK = YES;
				CLANG_WARN_BLOCK_CAPTURE_AUTORELEASING = YES;
				CLANG_WARN_BOOL_CONVERSION = YES;
				CLANG_WARN_COMMA = YES;
				CLANG_WARN_CONSTANT_CONVERSION = YES;
				CLANG_WARN_DEPRECATED_OBJC_IMPLEMENTATIONS = YES;
				CLANG_WARN_DIRECT_OBJC_ISA_USAGE = YES_ERROR;
				CLANG_WARN_DOCUMENTATION_COMMENTS = YES;
				CLANG_WARN_EMPTY_BODY = YES;
				CLANG_WARN_ENUM_CONVERSION = YES;
				CLANG_WARN_INFINITE_RECURSION = YES;
				CLANG_WARN_INT_CONVERSION = YES;
				CLANG_WARN_NON_LITERAL_NULL_CONVERSION = YES;
				CLANG_WARN_OBJC_IMPLICIT_RETAIN_SELF = YES;
				CLANG_WARN_OBJC_LITERAL_CONVERSION = YES;
				CLANG_WARN_OBJC_ROOT_CLASS = YES_ERROR;
				CLANG_WARN_QUOTED_INCLUDE_IN_FRAMEWORK_HEADER = YES;
				CLANG_WARN_RANGE_LOOP_ANALYSIS = YES;
				CLANG_WARN_STRICT_PROTOTYPES = YES;
				CLANG_WARN_SUSPICIOUS_MOVE = YES;
				CLANG_WARN_UNGUARDED_AVAILABILITY = YES_AGGRESSIVE;
				CLANG_WARN_UNREACHABLE_CODE = YES;
				CLANG_WARN__DUPLICATE_METHOD_MATCH = YES;
				COPY_PHASE_STRIP = NO;
				DEBUG_INFORMATION_FORMAT = "dwarf-with-dsym";
				ENABLE_NS_ASSERTIONS = NO;
				ENABLE_STRICT_OBJC_MSGSEND = YES;
				GCC_C_LANGUAGE_STANDARD = gnu11;
				GCC_NO_COMMON_BLOCKS = YES;
				GCC_WARN_64_TO_32_BIT_CONVERSION = YES;
				GCC_WARN_ABOUT_RETURN_TYPE = YES_ERROR;
				GCC_WARN_UNDECLARED_SELECTOR = YES;
				GCC_WARN_UNINITIALIZED_AUTOS = YES_AGGRESSIVE;
				GCC_WARN_UNUSED_FUNCTION = YES;
				GCC_WARN_UNUSED_VARIABLE = YES;
				IPHONEOS_DEPLOYMENT_TARGET = 15.2;
				MTL_ENABLE_DEBUG_INFO = NO;
				MTL_FAST_MATH = YES;
				SDKROOT = iphoneos;
				SWIFT_COMPILATION_MODE = wholemodule;
				SWIFT_OPTIMIZATION_LEVEL = "-O";
				VALIDATE_PRODUCT = YES;
			};
			name = Release;
		};
		C85219B72768E84E00A7FBD1 /* Debug */ = {
			isa = XCBuildConfiguration;
			buildSettings = {
				ASSETCATALOG_COMPILER_APPICON_NAME = AppIcon;
				ASSETCATALOG_COMPILER_GLOBAL_ACCENT_COLOR_NAME = AccentColor;
				CODE_SIGN_STYLE = Automatic;
				CURRENT_PROJECT_VERSION = 1;
				DEVELOPMENT_TEAM = PZ4TJ9HJ8L;
				GENERATE_INFOPLIST_FILE = YES;
				INFOPLIST_FILE = CryptoTrack/Info.plist;
				INFOPLIST_KEY_UIApplicationSupportsIndirectInputEvents = YES;
				INFOPLIST_KEY_UILaunchStoryboardName = LaunchScreen;
				INFOPLIST_KEY_UIMainStoryboardFile = Main;
				INFOPLIST_KEY_UISupportedInterfaceOrientations_iPad = "UIInterfaceOrientationPortrait UIInterfaceOrientationPortraitUpsideDown UIInterfaceOrientationLandscapeLeft UIInterfaceOrientationLandscapeRight";
				INFOPLIST_KEY_UISupportedInterfaceOrientations_iPhone = "UIInterfaceOrientationPortrait UIInterfaceOrientationLandscapeLeft UIInterfaceOrientationLandscapeRight";
				LD_RUNPATH_SEARCH_PATHS = (
					"$(inherited)",
					"@executable_path/Frameworks",
				);
				MARKETING_VERSION = 1.0;
				PRODUCT_BUNDLE_IDENTIFIER = ru.varda.CryptoTrack;
				PRODUCT_NAME = "$(TARGET_NAME)";
				SWIFT_EMIT_LOC_STRINGS = YES;
				SWIFT_VERSION = 5.0;
				TARGETED_DEVICE_FAMILY = 1;
			};
			name = Debug;
		};
		C85219B82768E84E00A7FBD1 /* Release */ = {
			isa = XCBuildConfiguration;
			buildSettings = {
				ASSETCATALOG_COMPILER_APPICON_NAME = AppIcon;
				ASSETCATALOG_COMPILER_GLOBAL_ACCENT_COLOR_NAME = AccentColor;
				CODE_SIGN_STYLE = Automatic;
				CURRENT_PROJECT_VERSION = 1;
				DEVELOPMENT_TEAM = PZ4TJ9HJ8L;
				GENERATE_INFOPLIST_FILE = YES;
				INFOPLIST_FILE = CryptoTrack/Info.plist;
				INFOPLIST_KEY_UIApplicationSupportsIndirectInputEvents = YES;
				INFOPLIST_KEY_UILaunchStoryboardName = LaunchScreen;
				INFOPLIST_KEY_UIMainStoryboardFile = Main;
				INFOPLIST_KEY_UISupportedInterfaceOrientations_iPad = "UIInterfaceOrientationPortrait UIInterfaceOrientationPortraitUpsideDown UIInterfaceOrientationLandscapeLeft UIInterfaceOrientationLandscapeRight";
				INFOPLIST_KEY_UISupportedInterfaceOrientations_iPhone = "UIInterfaceOrientationPortrait UIInterfaceOrientationLandscapeLeft UIInterfaceOrientationLandscapeRight";
				LD_RUNPATH_SEARCH_PATHS = (
					"$(inherited)",
					"@executable_path/Frameworks",
				);
				MARKETING_VERSION = 1.0;
				PRODUCT_BUNDLE_IDENTIFIER = ru.varda.CryptoTrack;
				PRODUCT_NAME = "$(TARGET_NAME)";
				SWIFT_EMIT_LOC_STRINGS = YES;
				SWIFT_VERSION = 5.0;
				TARGETED_DEVICE_FAMILY = 1;
			};
			name = Release;
		};
/* End XCBuildConfiguration section */

/* Begin XCConfigurationList section */
		C852199D2768E84B00A7FBD1 /* Build configuration list for PBXProject "CryptoTrack" */ = {
			isa = XCConfigurationList;
			buildConfigurations = (
				C85219B42768E84E00A7FBD1 /* Debug */,
				C85219B52768E84E00A7FBD1 /* Release */,
			);
			defaultConfigurationIsVisible = 0;
			defaultConfigurationName = Release;
		};
		C85219B62768E84E00A7FBD1 /* Build configuration list for PBXNativeTarget "CryptoTrack" */ = {
			isa = XCConfigurationList;
			buildConfigurations = (
				C85219B72768E84E00A7FBD1 /* Debug */,
				C85219B82768E84E00A7FBD1 /* Release */,
			);
			defaultConfigurationIsVisible = 0;
			defaultConfigurationName = Release;
		};
/* End XCConfigurationList section */
	};
	rootObject = C852199A2768E84B00A7FBD1 /* Project object */;
}
